# This file is autogenerated, do not edit; changes may be undone by the next 'dep ensure'.


[[projects]]
  digest = "1:16d3bcffd8b48471d476586db200e8ea864122c610986638e6346b9f56b6562b"
  name = "github.com/olaurendeau/tailmq"
  packages = ["consumer"]
  pruneopts = "UT"
  revision = "48420c99e4e5a573b9532f9e8027f7dc4cc93d9b"
  version = "v1.1.0"

[[projects]]
  digest = "1:274f67cb6fed9588ea2521ecdac05a6d62a8c51c074c1fccc6a49a40ba80e925"
  name = "github.com/satori/go.uuid"
  packages = ["."]
  pruneopts = "UT"
  revision = "f58768cc1a7a7e77a3bd49e98cdd21419399b6a3"
  version = "v1.2.0"

[[projects]]
  branch = "master"
  digest = "1:68284c262f45718a220f7e817c2125a0f20eb3924be5074fa187ff7bc600c47e"
  name = "github.com/streadway/amqp"
  packages = ["."]
  pruneopts = "UT"
  revision = "27835f1a64e97101d95306211f03c0620ffa295d"

[[projects]]
  branch = "v1"
  digest = "1:3443b1423511a78a2108f907e8ab347e3e16db19b2ab6d3219d75d88839757c1"
  name = "gopkg.in/bsm/ratelimit.v1"
  packages = ["."]
  pruneopts = "UT"
  revision = "db14e161995a5177acef654cb0dd785e8ee8bc22"

[[projects]]
  digest = "1:daa8366d166ba867fb55c77ce5db9c03b2e4e235cd39300f8b3d8f743c6a9267"
  name = "gopkg.in/redis.v4"
  packages = [
    ".",
    "internal",
    "internal/consistenthash",
    "internal/errors",
    "internal/hashtag",
    "internal/pool",
    "internal/proto",
  ]
  pruneopts = "UT"
  revision = "c938162545c57136fa59879746bc65d0f1db3d1e"
  version = "v4.2.4"

[solve-meta]
  analyzer-name = "dep"
  analyzer-version = 1
  input-imports = [
    "github.com/olaurendeau/tailmq/consumer",
    "gopkg.in/redis.v4",
  ]
  solver-name = "gps-cdcl"
  solver-version = 1
